
Microsoft Visual Studio Solution File, Format Version 12.00
# Visual Studio Version 17
VisualStudioVersion = 17.7.34221.43
MinimumVisualStudioVersion = 10.0.40219.1
Project("{9A19103F-16F7-4668-BE54-9A1E7A4F7556}") = "AplicationSignalR", "AplicationSignalR.csproj", "{0F4E8A37-BE6F-4B80-AAAF-7699F43E780B}"
EndProject
Global
	GlobalSection(SolutionConfigurationPlatforms) = preSolution
		Debug|Any CPU = Debug|Any CPU
		Release|Any CPU = Release|Any CPU
	EndGlobalSection
	GlobalSection(ProjectConfigurationPlatforms) = postSolution
		{0F4E8A37-BE6F-4B80-AAAF-7699F43E780B}.Debug|Any CPU.ActiveCfg = Debug|Any CPU
		{0F4E8A37-BE6F-4B80-AAAF-7699F43E780B}.Debug|Any CPU.Build.0 = Debug|Any CPU
		{0F4E8A37-BE6F-4B80-AAAF-7699F43E780B}.Release|Any CPU.ActiveCfg = Release|Any CPU
		{0F4E8A37-BE6F-4B80-AAAF-7699F43E780B}.Release|Any CPU.Build.0 = Release|Any CPU
	EndGlobalSection
	GlobalSection(SolutionProperties) = preSolution
		HideSolutionNode = FALSE
	EndGlobalSection
	GlobalSection(ExtensibilityGlobals) = postSolution
		SolutionGuid = {663EA186-E7DC-4A57-B526-A2C115A7F477}
	EndGlobalSection
EndGlobal
